
Microsoft Visual Studio Solution File, Format Version 12.00
# Visual Studio Version 17
VisualStudioVersion = 17.0.31808.319
MinimumVisualStudioVersion = 15.0.26124.0
Project("{9A19103F-16F7-4668-BE54-9A1E7A4F7556}") = "Infrastructure", "Infrastructure\Infrastructure.csproj", "{0501D22A-FC89-433A-A62A-F79273E009FF}"
EndProject
Project("{2150E333-8FDC-42A3-9474-1A3956D46DE8}") = "Tests", "Tests", "{E460B6C6-B932-4F90-884A-2E49EE5C9F41}"
EndProject
Project("{9A19103F-16F7-4668-BE54-9A1E7A4F7556}") = "Contracts", "Contracts\Contracts.csproj", "{08CC54AD-0DF9-4B77-B299-8AE6942FCA0D}"
EndProject
Project("{2150E333-8FDC-42A3-9474-1A3956D46DE8}") = "CodeGenerator", "CodeGenerator", "{FD9890F2-FC60-4912-9024-624DF3B975EB}"
EndProject
Project("{9A19103F-16F7-4668-BE54-9A1E7A4F7556}") = "Engine", "CodeGenerator\Engine\Engine.csproj", "{A8B28F9B-BBBB-440C-8CA6-93F25F436DC1}"
EndProject
Project("{9A19103F-16F7-4668-BE54-9A1E7A4F7556}") = "CodeGeneratorTestCon", "Tests\CodeGeneratorTestCon\CodeGeneratorTestCon.csproj", "{25C8DE1F-A616-467D-984D-667D24902C10}"
EndProject
Project("{2150E333-8FDC-42A3-9474-1A3956D46DE8}") = ".Solution Items", ".Solution Items", "{7989E273-1C8A-4431-A23C-9517B91AE279}"
	ProjectSection(SolutionItems) = preProject
		.editorconfig = .editorconfig
		DbScript.sql = DbScript.sql
		Directory.Build.props = Directory.Build.props
		Directory.Packages.props = Directory.Packages.props
	EndProjectSection
EndProject
Project("{9A19103F-16F7-4668-BE54-9A1E7A4F7556}") = "UI", "CodeGenerator\UI\UI.csproj", "{EB95920B-F19E-43DA-A795-27A95C7CBC2F}"
EndProject
Project("{2150E333-8FDC-42A3-9474-1A3956D46DE8}") = "Internals", "Internals", "{781617AC-AE8F-46F5-BFB8-671161EFABA3}"
EndProject
Project("{9A19103F-16F7-4668-BE54-9A1E7A4F7556}") = "Data", "Internals\Data\Data.csproj", "{15957286-D894-4F3F-AB17-F50A5282C3D5}"
EndProject
Project("{2150E333-8FDC-42A3-9474-1A3956D46DE8}") = "Bcl", "Bcl", "{12CB1F21-4B1A-49EA-94CD-71F3D946F838}"
EndProject
Project("{9A19103F-16F7-4668-BE54-9A1E7A4F7556}") = "Security", "Security\Security.csproj", "{40171B71-EC2E-4E37-93E2-AE9CBF955450}"
EndProject
Project("{9A19103F-16F7-4668-BE54-9A1E7A4F7556}") = "BlazorApp", "Tests\BlazorApp\BlazorApp.csproj", "{53A8B02E-CB0B-493C-BFE0-6CF955CF0CFE}"
EndProject
Project("{9A19103F-16F7-4668-BE54-9A1E7A4F7556}") = "CoreLib", "Bcl\src\CoreLib\CoreLib.csproj", "{F7524201-013D-46DD-9982-750CD68DDE3E}"
EndProject
Project("{9A19103F-16F7-4668-BE54-9A1E7A4F7556}") = "CqrsLib", "Bcl\src\CqrsLib\CqrsLib.csproj", "{78C1BD15-E72D-4F6E-8FF6-2B33F72955AC}"
EndProject
Project("{9A19103F-16F7-4668-BE54-9A1E7A4F7556}") = "WebLib", "Bcl\src\WebLib\WebLib.csproj", "{E072A41E-F99C-428A-91DF-DDBFA377A71E}"
EndProject
Project("{9A19103F-16F7-4668-BE54-9A1E7A4F7556}") = "WpfLib", "Bcl\src\WpfLib\WpfLib.csproj", "{91DBCD2B-F25C-46E9-B8F4-AE70A86638F7}"
EndProject
Project("{9A19103F-16F7-4668-BE54-9A1E7A4F7556}") = "Contracts", "UiContracts\Contracts.csproj", "{3B80A602-C7D4-4EE5-913E-972D4C7C2882}"
EndProject
Project("{9A19103F-16F7-4668-BE54-9A1E7A4F7556}") = "Services", "UiServices\Services.csproj", "{6380D943-B564-4114-9044-FDD97F33E68D}"
EndProject
Project("{FAE04EC0-301F-11D3-BF4B-00C04F79EFBC}") = "InfraTestProject", "InfraTestProject\InfraTestProject.csproj", "{A589EC37-53BD-438D-9778-5548C58CA310}"
EndProject
Global
	GlobalSection(SolutionConfigurationPlatforms) = preSolution
		Debug|Any CPU = Debug|Any CPU
		Debug|x64 = Debug|x64
		Debug|x86 = Debug|x86
		Release|Any CPU = Release|Any CPU
		Release|x64 = Release|x64
		Release|x86 = Release|x86
	EndGlobalSection
	GlobalSection(ProjectConfigurationPlatforms) = postSolution
		{0501D22A-FC89-433A-A62A-F79273E009FF}.Debug|Any CPU.ActiveCfg = Debug|Any CPU
		{0501D22A-FC89-433A-A62A-F79273E009FF}.Debug|Any CPU.Build.0 = Debug|Any CPU
		{0501D22A-FC89-433A-A62A-F79273E009FF}.Debug|x64.ActiveCfg = Debug|Any CPU
		{0501D22A-FC89-433A-A62A-F79273E009FF}.Debug|x64.Build.0 = Debug|Any CPU
		{0501D22A-FC89-433A-A62A-F79273E009FF}.Debug|x86.ActiveCfg = Debug|Any CPU
		{0501D22A-FC89-433A-A62A-F79273E009FF}.Debug|x86.Build.0 = Debug|Any CPU
		{0501D22A-FC89-433A-A62A-F79273E009FF}.Release|Any CPU.ActiveCfg = Release|Any CPU
		{0501D22A-FC89-433A-A62A-F79273E009FF}.Release|Any CPU.Build.0 = Release|Any CPU
		{0501D22A-FC89-433A-A62A-F79273E009FF}.Release|x64.ActiveCfg = Release|Any CPU
		{0501D22A-FC89-433A-A62A-F79273E009FF}.Release|x64.Build.0 = Release|Any CPU
		{0501D22A-FC89-433A-A62A-F79273E009FF}.Release|x86.ActiveCfg = Release|Any CPU
		{0501D22A-FC89-433A-A62A-F79273E009FF}.Release|x86.Build.0 = Release|Any CPU
		{08CC54AD-0DF9-4B77-B299-8AE6942FCA0D}.Debug|Any CPU.ActiveCfg = Debug|Any CPU
		{08CC54AD-0DF9-4B77-B299-8AE6942FCA0D}.Debug|Any CPU.Build.0 = Debug|Any CPU
		{08CC54AD-0DF9-4B77-B299-8AE6942FCA0D}.Debug|x64.ActiveCfg = Debug|Any CPU
		{08CC54AD-0DF9-4B77-B299-8AE6942FCA0D}.Debug|x64.Build.0 = Debug|Any CPU
		{08CC54AD-0DF9-4B77-B299-8AE6942FCA0D}.Debug|x86.ActiveCfg = Debug|Any CPU
		{08CC54AD-0DF9-4B77-B299-8AE6942FCA0D}.Debug|x86.Build.0 = Debug|Any CPU
		{08CC54AD-0DF9-4B77-B299-8AE6942FCA0D}.Release|Any CPU.ActiveCfg = Release|Any CPU
		{08CC54AD-0DF9-4B77-B299-8AE6942FCA0D}.Release|Any CPU.Build.0 = Release|Any CPU
		{08CC54AD-0DF9-4B77-B299-8AE6942FCA0D}.Release|x64.ActiveCfg = Release|Any CPU
		{08CC54AD-0DF9-4B77-B299-8AE6942FCA0D}.Release|x64.Build.0 = Release|Any CPU
		{08CC54AD-0DF9-4B77-B299-8AE6942FCA0D}.Release|x86.ActiveCfg = Release|Any CPU
		{08CC54AD-0DF9-4B77-B299-8AE6942FCA0D}.Release|x86.Build.0 = Release|Any CPU
		{A8B28F9B-BBBB-440C-8CA6-93F25F436DC1}.Debug|Any CPU.ActiveCfg = Debug|Any CPU
		{A8B28F9B-BBBB-440C-8CA6-93F25F436DC1}.Debug|Any CPU.Build.0 = Debug|Any CPU
		{A8B28F9B-BBBB-440C-8CA6-93F25F436DC1}.Debug|x64.ActiveCfg = Debug|Any CPU
		{A8B28F9B-BBBB-440C-8CA6-93F25F436DC1}.Debug|x64.Build.0 = Debug|Any CPU
		{A8B28F9B-BBBB-440C-8CA6-93F25F436DC1}.Debug|x86.ActiveCfg = Debug|Any CPU
		{A8B28F9B-BBBB-440C-8CA6-93F25F436DC1}.Debug|x86.Build.0 = Debug|Any CPU
		{A8B28F9B-BBBB-440C-8CA6-93F25F436DC1}.Release|Any CPU.ActiveCfg = Release|Any CPU
		{A8B28F9B-BBBB-440C-8CA6-93F25F436DC1}.Release|Any CPU.Build.0 = Release|Any CPU
		{A8B28F9B-BBBB-440C-8CA6-93F25F436DC1}.Release|x64.ActiveCfg = Release|Any CPU
		{A8B28F9B-BBBB-440C-8CA6-93F25F436DC1}.Release|x64.Build.0 = Release|Any CPU
		{A8B28F9B-BBBB-440C-8CA6-93F25F436DC1}.Release|x86.ActiveCfg = Release|Any CPU
		{A8B28F9B-BBBB-440C-8CA6-93F25F436DC1}.Release|x86.Build.0 = Release|Any CPU
		{25C8DE1F-A616-467D-984D-667D24902C10}.Debug|Any CPU.ActiveCfg = Debug|Any CPU
		{25C8DE1F-A616-467D-984D-667D24902C10}.Debug|Any CPU.Build.0 = Debug|Any CPU
		{25C8DE1F-A616-467D-984D-667D24902C10}.Debug|x64.ActiveCfg = Debug|Any CPU
		{25C8DE1F-A616-467D-984D-667D24902C10}.Debug|x64.Build.0 = Debug|Any CPU
		{25C8DE1F-A616-467D-984D-667D24902C10}.Debug|x86.ActiveCfg = Debug|Any CPU
		{25C8DE1F-A616-467D-984D-667D24902C10}.Debug|x86.Build.0 = Debug|Any CPU
		{25C8DE1F-A616-467D-984D-667D24902C10}.Release|Any CPU.ActiveCfg = Release|Any CPU
		{25C8DE1F-A616-467D-984D-667D24902C10}.Release|Any CPU.Build.0 = Release|Any CPU
		{25C8DE1F-A616-467D-984D-667D24902C10}.Release|x64.ActiveCfg = Release|Any CPU
		{25C8DE1F-A616-467D-984D-667D24902C10}.Release|x64.Build.0 = Release|Any CPU
		{25C8DE1F-A616-467D-984D-667D24902C10}.Release|x86.ActiveCfg = Release|Any CPU
		{25C8DE1F-A616-467D-984D-667D24902C10}.Release|x86.Build.0 = Release|Any CPU
		{EB95920B-F19E-43DA-A795-27A95C7CBC2F}.Debug|Any CPU.ActiveCfg = Debug|Any CPU
		{EB95920B-F19E-43DA-A795-27A95C7CBC2F}.Debug|Any CPU.Build.0 = Debug|Any CPU
		{EB95920B-F19E-43DA-A795-27A95C7CBC2F}.Debug|x64.ActiveCfg = Debug|Any CPU
		{EB95920B-F19E-43DA-A795-27A95C7CBC2F}.Debug|x64.Build.0 = Debug|Any CPU
		{EB95920B-F19E-43DA-A795-27A95C7CBC2F}.Debug|x86.ActiveCfg = Debug|Any CPU
		{EB95920B-F19E-43DA-A795-27A95C7CBC2F}.Debug|x86.Build.0 = Debug|Any CPU
		{EB95920B-F19E-43DA-A795-27A95C7CBC2F}.Release|Any CPU.ActiveCfg = Release|Any CPU
		{EB95920B-F19E-43DA-A795-27A95C7CBC2F}.Release|Any CPU.Build.0 = Release|Any CPU
		{EB95920B-F19E-43DA-A795-27A95C7CBC2F}.Release|x64.ActiveCfg = Release|Any CPU
		{EB95920B-F19E-43DA-A795-27A95C7CBC2F}.Release|x64.Build.0 = Release|Any CPU
		{EB95920B-F19E-43DA-A795-27A95C7CBC2F}.Release|x86.ActiveCfg = Release|Any CPU
		{EB95920B-F19E-43DA-A795-27A95C7CBC2F}.Release|x86.Build.0 = Release|Any CPU
		{15957286-D894-4F3F-AB17-F50A5282C3D5}.Debug|Any CPU.ActiveCfg = Debug|Any CPU
		{15957286-D894-4F3F-AB17-F50A5282C3D5}.Debug|Any CPU.Build.0 = Debug|Any CPU
		{15957286-D894-4F3F-AB17-F50A5282C3D5}.Debug|x64.ActiveCfg = Debug|Any CPU
		{15957286-D894-4F3F-AB17-F50A5282C3D5}.Debug|x64.Build.0 = Debug|Any CPU
		{15957286-D894-4F3F-AB17-F50A5282C3D5}.Debug|x86.ActiveCfg = Debug|Any CPU
		{15957286-D894-4F3F-AB17-F50A5282C3D5}.Debug|x86.Build.0 = Debug|Any CPU
		{15957286-D894-4F3F-AB17-F50A5282C3D5}.Release|Any CPU.ActiveCfg = Release|Any CPU
		{15957286-D894-4F3F-AB17-F50A5282C3D5}.Release|Any CPU.Build.0 = Release|Any CPU
		{15957286-D894-4F3F-AB17-F50A5282C3D5}.Release|x64.ActiveCfg = Release|Any CPU
		{15957286-D894-4F3F-AB17-F50A5282C3D5}.Release|x64.Build.0 = Release|Any CPU
		{15957286-D894-4F3F-AB17-F50A5282C3D5}.Release|x86.ActiveCfg = Release|Any CPU
		{15957286-D894-4F3F-AB17-F50A5282C3D5}.Release|x86.Build.0 = Release|Any CPU
		{40171B71-EC2E-4E37-93E2-AE9CBF955450}.Debug|Any CPU.ActiveCfg = Debug|Any CPU
		{40171B71-EC2E-4E37-93E2-AE9CBF955450}.Debug|Any CPU.Build.0 = Debug|Any CPU
		{40171B71-EC2E-4E37-93E2-AE9CBF955450}.Debug|x64.ActiveCfg = Debug|Any CPU
		{40171B71-EC2E-4E37-93E2-AE9CBF955450}.Debug|x64.Build.0 = Debug|Any CPU
		{40171B71-EC2E-4E37-93E2-AE9CBF955450}.Debug|x86.ActiveCfg = Debug|Any CPU
		{40171B71-EC2E-4E37-93E2-AE9CBF955450}.Debug|x86.Build.0 = Debug|Any CPU
		{40171B71-EC2E-4E37-93E2-AE9CBF955450}.Release|Any CPU.ActiveCfg = Release|Any CPU
		{40171B71-EC2E-4E37-93E2-AE9CBF955450}.Release|Any CPU.Build.0 = Release|Any CPU
		{40171B71-EC2E-4E37-93E2-AE9CBF955450}.Release|x64.ActiveCfg = Release|Any CPU
		{40171B71-EC2E-4E37-93E2-AE9CBF955450}.Release|x64.Build.0 = Release|Any CPU
		{40171B71-EC2E-4E37-93E2-AE9CBF955450}.Release|x86.ActiveCfg = Release|Any CPU
		{40171B71-EC2E-4E37-93E2-AE9CBF955450}.Release|x86.Build.0 = Release|Any CPU
		{53A8B02E-CB0B-493C-BFE0-6CF955CF0CFE}.Debug|Any CPU.ActiveCfg = Debug|Any CPU
		{53A8B02E-CB0B-493C-BFE0-6CF955CF0CFE}.Debug|Any CPU.Build.0 = Debug|Any CPU
		{53A8B02E-CB0B-493C-BFE0-6CF955CF0CFE}.Debug|x64.ActiveCfg = Debug|Any CPU
		{53A8B02E-CB0B-493C-BFE0-6CF955CF0CFE}.Debug|x64.Build.0 = Debug|Any CPU
		{53A8B02E-CB0B-493C-BFE0-6CF955CF0CFE}.Debug|x86.ActiveCfg = Debug|Any CPU
		{53A8B02E-CB0B-493C-BFE0-6CF955CF0CFE}.Debug|x86.Build.0 = Debug|Any CPU
		{53A8B02E-CB0B-493C-BFE0-6CF955CF0CFE}.Release|Any CPU.ActiveCfg = Release|Any CPU
		{53A8B02E-CB0B-493C-BFE0-6CF955CF0CFE}.Release|Any CPU.Build.0 = Release|Any CPU
		{53A8B02E-CB0B-493C-BFE0-6CF955CF0CFE}.Release|x64.ActiveCfg = Release|Any CPU
		{53A8B02E-CB0B-493C-BFE0-6CF955CF0CFE}.Release|x64.Build.0 = Release|Any CPU
		{53A8B02E-CB0B-493C-BFE0-6CF955CF0CFE}.Release|x86.ActiveCfg = Release|Any CPU
		{53A8B02E-CB0B-493C-BFE0-6CF955CF0CFE}.Release|x86.Build.0 = Release|Any CPU
		{F7524201-013D-46DD-9982-750CD68DDE3E}.Debug|Any CPU.ActiveCfg = Debug|Any CPU
		{F7524201-013D-46DD-9982-750CD68DDE3E}.Debug|Any CPU.Build.0 = Debug|Any CPU
		{F7524201-013D-46DD-9982-750CD68DDE3E}.Debug|x64.ActiveCfg = Debug|Any CPU
		{F7524201-013D-46DD-9982-750CD68DDE3E}.Debug|x64.Build.0 = Debug|Any CPU
		{F7524201-013D-46DD-9982-750CD68DDE3E}.Debug|x86.ActiveCfg = Debug|Any CPU
		{F7524201-013D-46DD-9982-750CD68DDE3E}.Debug|x86.Build.0 = Debug|Any CPU
		{F7524201-013D-46DD-9982-750CD68DDE3E}.Release|Any CPU.ActiveCfg = Release|Any CPU
		{F7524201-013D-46DD-9982-750CD68DDE3E}.Release|Any CPU.Build.0 = Release|Any CPU
		{F7524201-013D-46DD-9982-750CD68DDE3E}.Release|x64.ActiveCfg = Release|Any CPU
		{F7524201-013D-46DD-9982-750CD68DDE3E}.Release|x64.Build.0 = Release|Any CPU
		{F7524201-013D-46DD-9982-750CD68DDE3E}.Release|x86.ActiveCfg = Release|Any CPU
		{F7524201-013D-46DD-9982-750CD68DDE3E}.Release|x86.Build.0 = Release|Any CPU
		{78C1BD15-E72D-4F6E-8FF6-2B33F72955AC}.Debug|Any CPU.ActiveCfg = Debug|Any CPU
		{78C1BD15-E72D-4F6E-8FF6-2B33F72955AC}.Debug|Any CPU.Build.0 = Debug|Any CPU
		{78C1BD15-E72D-4F6E-8FF6-2B33F72955AC}.Debug|x64.ActiveCfg = Debug|Any CPU
		{78C1BD15-E72D-4F6E-8FF6-2B33F72955AC}.Debug|x64.Build.0 = Debug|Any CPU
		{78C1BD15-E72D-4F6E-8FF6-2B33F72955AC}.Debug|x86.ActiveCfg = Debug|Any CPU
		{78C1BD15-E72D-4F6E-8FF6-2B33F72955AC}.Debug|x86.Build.0 = Debug|Any CPU
		{78C1BD15-E72D-4F6E-8FF6-2B33F72955AC}.Release|Any CPU.ActiveCfg = Release|Any CPU
		{78C1BD15-E72D-4F6E-8FF6-2B33F72955AC}.Release|Any CPU.Build.0 = Release|Any CPU
		{78C1BD15-E72D-4F6E-8FF6-2B33F72955AC}.Release|x64.ActiveCfg = Release|Any CPU
		{78C1BD15-E72D-4F6E-8FF6-2B33F72955AC}.Release|x64.Build.0 = Release|Any CPU
		{78C1BD15-E72D-4F6E-8FF6-2B33F72955AC}.Release|x86.ActiveCfg = Release|Any CPU
		{78C1BD15-E72D-4F6E-8FF6-2B33F72955AC}.Release|x86.Build.0 = Release|Any CPU
		{E072A41E-F99C-428A-91DF-DDBFA377A71E}.Debug|Any CPU.ActiveCfg = Debug|Any CPU
		{E072A41E-F99C-428A-91DF-DDBFA377A71E}.Debug|Any CPU.Build.0 = Debug|Any CPU
		{E072A41E-F99C-428A-91DF-DDBFA377A71E}.Debug|x64.ActiveCfg = Debug|Any CPU
		{E072A41E-F99C-428A-91DF-DDBFA377A71E}.Debug|x64.Build.0 = Debug|Any CPU
		{E072A41E-F99C-428A-91DF-DDBFA377A71E}.Debug|x86.ActiveCfg = Debug|Any CPU
		{E072A41E-F99C-428A-91DF-DDBFA377A71E}.Debug|x86.Build.0 = Debug|Any CPU
		{E072A41E-F99C-428A-91DF-DDBFA377A71E}.Release|Any CPU.ActiveCfg = Release|Any CPU
		{E072A41E-F99C-428A-91DF-DDBFA377A71E}.Release|Any CPU.Build.0 = Release|Any CPU
		{E072A41E-F99C-428A-91DF-DDBFA377A71E}.Release|x64.ActiveCfg = Release|Any CPU
		{E072A41E-F99C-428A-91DF-DDBFA377A71E}.Release|x64.Build.0 = Release|Any CPU
		{E072A41E-F99C-428A-91DF-DDBFA377A71E}.Release|x86.ActiveCfg = Release|Any CPU
		{E072A41E-F99C-428A-91DF-DDBFA377A71E}.Release|x86.Build.0 = Release|Any CPU
		{91DBCD2B-F25C-46E9-B8F4-AE70A86638F7}.Debug|Any CPU.ActiveCfg = Debug|Any CPU
		{91DBCD2B-F25C-46E9-B8F4-AE70A86638F7}.Debug|Any CPU.Build.0 = Debug|Any CPU
		{91DBCD2B-F25C-46E9-B8F4-AE70A86638F7}.Debug|x64.ActiveCfg = Debug|Any CPU
		{91DBCD2B-F25C-46E9-B8F4-AE70A86638F7}.Debug|x64.Build.0 = Debug|Any CPU
		{91DBCD2B-F25C-46E9-B8F4-AE70A86638F7}.Debug|x86.ActiveCfg = Debug|Any CPU
		{91DBCD2B-F25C-46E9-B8F4-AE70A86638F7}.Debug|x86.Build.0 = Debug|Any CPU
		{91DBCD2B-F25C-46E9-B8F4-AE70A86638F7}.Release|Any CPU.ActiveCfg = Release|Any CPU
		{91DBCD2B-F25C-46E9-B8F4-AE70A86638F7}.Release|Any CPU.Build.0 = Release|Any CPU
		{91DBCD2B-F25C-46E9-B8F4-AE70A86638F7}.Release|x64.ActiveCfg = Release|Any CPU
		{91DBCD2B-F25C-46E9-B8F4-AE70A86638F7}.Release|x64.Build.0 = Release|Any CPU
		{91DBCD2B-F25C-46E9-B8F4-AE70A86638F7}.Release|x86.ActiveCfg = Release|Any CPU
		{91DBCD2B-F25C-46E9-B8F4-AE70A86638F7}.Release|x86.Build.0 = Release|Any CPU
		{3B80A602-C7D4-4EE5-913E-972D4C7C2882}.Debug|Any CPU.ActiveCfg = Debug|Any CPU
		{3B80A602-C7D4-4EE5-913E-972D4C7C2882}.Debug|Any CPU.Build.0 = Debug|Any CPU
		{3B80A602-C7D4-4EE5-913E-972D4C7C2882}.Debug|x64.ActiveCfg = Debug|Any CPU
		{3B80A602-C7D4-4EE5-913E-972D4C7C2882}.Debug|x64.Build.0 = Debug|Any CPU
		{3B80A602-C7D4-4EE5-913E-972D4C7C2882}.Debug|x86.ActiveCfg = Debug|Any CPU
		{3B80A602-C7D4-4EE5-913E-972D4C7C2882}.Debug|x86.Build.0 = Debug|Any CPU
		{3B80A602-C7D4-4EE5-913E-972D4C7C2882}.Release|Any CPU.ActiveCfg = Release|Any CPU
		{3B80A602-C7D4-4EE5-913E-972D4C7C2882}.Release|Any CPU.Build.0 = Release|Any CPU
		{3B80A602-C7D4-4EE5-913E-972D4C7C2882}.Release|x64.ActiveCfg = Release|Any CPU
		{3B80A602-C7D4-4EE5-913E-972D4C7C2882}.Release|x64.Build.0 = Release|Any CPU
		{3B80A602-C7D4-4EE5-913E-972D4C7C2882}.Release|x86.ActiveCfg = Release|Any CPU
		{3B80A602-C7D4-4EE5-913E-972D4C7C2882}.Release|x86.Build.0 = Release|Any CPU
		{6380D943-B564-4114-9044-FDD97F33E68D}.Debug|Any CPU.ActiveCfg = Debug|Any CPU
		{6380D943-B564-4114-9044-FDD97F33E68D}.Debug|Any CPU.Build.0 = Debug|Any CPU
		{6380D943-B564-4114-9044-FDD97F33E68D}.Debug|x64.ActiveCfg = Debug|Any CPU
		{6380D943-B564-4114-9044-FDD97F33E68D}.Debug|x64.Build.0 = Debug|Any CPU
		{6380D943-B564-4114-9044-FDD97F33E68D}.Debug|x86.ActiveCfg = Debug|Any CPU
		{6380D943-B564-4114-9044-FDD97F33E68D}.Debug|x86.Build.0 = Debug|Any CPU
		{6380D943-B564-4114-9044-FDD97F33E68D}.Release|Any CPU.ActiveCfg = Release|Any CPU
		{6380D943-B564-4114-9044-FDD97F33E68D}.Release|Any CPU.Build.0 = Release|Any CPU
		{6380D943-B564-4114-9044-FDD97F33E68D}.Release|x64.ActiveCfg = Release|Any CPU
		{6380D943-B564-4114-9044-FDD97F33E68D}.Release|x64.Build.0 = Release|Any CPU
		{6380D943-B564-4114-9044-FDD97F33E68D}.Release|x86.ActiveCfg = Release|Any CPU
		{6380D943-B564-4114-9044-FDD97F33E68D}.Release|x86.Build.0 = Release|Any CPU
		{A589EC37-53BD-438D-9778-5548C58CA310}.Debug|Any CPU.ActiveCfg = Debug|Any CPU
		{A589EC37-53BD-438D-9778-5548C58CA310}.Debug|Any CPU.Build.0 = Debug|Any CPU
		{A589EC37-53BD-438D-9778-5548C58CA310}.Debug|x64.ActiveCfg = Debug|Any CPU
		{A589EC37-53BD-438D-9778-5548C58CA310}.Debug|x64.Build.0 = Debug|Any CPU
		{A589EC37-53BD-438D-9778-5548C58CA310}.Debug|x86.ActiveCfg = Debug|Any CPU
		{A589EC37-53BD-438D-9778-5548C58CA310}.Debug|x86.Build.0 = Debug|Any CPU
		{A589EC37-53BD-438D-9778-5548C58CA310}.Release|Any CPU.ActiveCfg = Release|Any CPU
		{A589EC37-53BD-438D-9778-5548C58CA310}.Release|Any CPU.Build.0 = Release|Any CPU
		{A589EC37-53BD-438D-9778-5548C58CA310}.Release|x64.ActiveCfg = Release|Any CPU
		{A589EC37-53BD-438D-9778-5548C58CA310}.Release|x64.Build.0 = Release|Any CPU
		{A589EC37-53BD-438D-9778-5548C58CA310}.Release|x86.ActiveCfg = Release|Any CPU
		{A589EC37-53BD-438D-9778-5548C58CA310}.Release|x86.Build.0 = Release|Any CPU
	EndGlobalSection
	GlobalSection(SolutionProperties) = preSolution
		HideSolutionNode = FALSE
	EndGlobalSection
	GlobalSection(NestedProjects) = preSolution
		{A8B28F9B-BBBB-440C-8CA6-93F25F436DC1} = {FD9890F2-FC60-4912-9024-624DF3B975EB}
		{25C8DE1F-A616-467D-984D-667D24902C10} = {E460B6C6-B932-4F90-884A-2E49EE5C9F41}
		{EB95920B-F19E-43DA-A795-27A95C7CBC2F} = {FD9890F2-FC60-4912-9024-624DF3B975EB}
		{15957286-D894-4F3F-AB17-F50A5282C3D5} = {781617AC-AE8F-46F5-BFB8-671161EFABA3}
		{53A8B02E-CB0B-493C-BFE0-6CF955CF0CFE} = {E460B6C6-B932-4F90-884A-2E49EE5C9F41}
		{F7524201-013D-46DD-9982-750CD68DDE3E} = {12CB1F21-4B1A-49EA-94CD-71F3D946F838}
		{78C1BD15-E72D-4F6E-8FF6-2B33F72955AC} = {12CB1F21-4B1A-49EA-94CD-71F3D946F838}
		{E072A41E-F99C-428A-91DF-DDBFA377A71E} = {12CB1F21-4B1A-49EA-94CD-71F3D946F838}
		{91DBCD2B-F25C-46E9-B8F4-AE70A86638F7} = {12CB1F21-4B1A-49EA-94CD-71F3D946F838}
		{3B80A602-C7D4-4EE5-913E-972D4C7C2882} = {FD9890F2-FC60-4912-9024-624DF3B975EB}
		{6380D943-B564-4114-9044-FDD97F33E68D} = {FD9890F2-FC60-4912-9024-624DF3B975EB}
		{A589EC37-53BD-438D-9778-5548C58CA310} = {E460B6C6-B932-4F90-884A-2E49EE5C9F41}
	EndGlobalSection
	GlobalSection(ExtensibilityGlobals) = postSolution
		SolutionGuid = {0DDED198-E3DD-4EBE-A422-523E4983E3BE}
	EndGlobalSection
EndGlobal
